
Microsoft Visual Studio Solution File, Format Version 12.00
# Visual Studio Version 17
VisualStudioVersion = 17.14.36414.22 d17.14
MinimumVisualStudioVersion = 10.0.40219.1
Project("{8BC9CEB8-8B4A-11D0-8D11-00A0C91BC942}") = "zwdzjsMFC", "zwdzjsMFC\zwdzjsMFC.vcxproj", "{7B2C8CFC-2D74-8629-60BE-917A1381CC82}"
EndProject
Global
	GlobalSection(SolutionConfigurationPlatforms) = preSolution
		Debug|x64 = Debug|x64
		Debug|x86 = Debug|x86
		Release|x64 = Release|x64
		Release|x86 = Release|x86
	EndGlobalSection
	GlobalSection(ProjectConfigurationPlatforms) = postSolution
		{7B2C8CFC-2D74-8629-60BE-917A1381CC82}.Debug|x64.ActiveCfg = Debug|x64
		{7B2C8CFC-2D74-8629-60BE-917A1381CC82}.Debug|x64.Build.0 = Debug|x64
		{7B2C8CFC-2D74-8629-60BE-917A1381CC82}.Debug|x86.ActiveCfg = Debug|Win32
		{7B2C8CFC-2D74-8629-60BE-917A1381CC82}.Debug|x86.Build.0 = Debug|Win32
		{7B2C8CFC-2D74-8629-60BE-917A1381CC82}.Release|x64.ActiveCfg = Release|x64
		{7B2C8CFC-2D74-8629-60BE-917A1381CC82}.Release|x64.Build.0 = Release|x64
		{7B2C8CFC-2D74-8629-60BE-917A1381CC82}.Release|x86.ActiveCfg = Release|Win32
		{7B2C8CFC-2D74-8629-60BE-917A1381CC82}.Release|x86.Build.0 = Release|Win32
	EndGlobalSection
	GlobalSection(SolutionProperties) = preSolution
		HideSolutionNode = FALSE
	EndGlobalSection
	GlobalSection(ExtensibilityGlobals) = postSolution
		SolutionGuid = {8EB94736-BB1E-4765-A35C-EE956393BBBF}
	EndGlobalSection
EndGlobal
